// !$*UTF8*$!
{
	archiveVersion = 1;
	classes = {
	};
	objectVersion = 51;
	objects = {

/* Begin PBXBuildFile section */
		4E8F03E3DB4AC50E19CD1EAE /* Pods_jejuPublic.framework in Frameworks */ = {isa = PBXBuildFile; fileRef = 10715454F8E48ED9DCC0B9CD /* Pods_jejuPublic.framework */; };
		D26A4DDC26C3D1E7000C4195 /* ContentVC.swift in Sources */ = {isa = PBXBuildFile; fileRef = D26A4DDB26C3D1E7000C4195 /* ContentVC.swift */; };
		D26A4DDE26C42E87000C4195 /* CustomAnnotation.swift in Sources */ = {isa = PBXBuildFile; fileRef = D26A4DDD26C42E87000C4195 /* CustomAnnotation.swift */; };
		D2A8487526CFB881008D0C9C /* CustomFloatingPanelLayout.swift in Sources */ = {isa = PBXBuildFile; fileRef = D2A8487426CFB881008D0C9C /* CustomFloatingPanelLayout.swift */; };
		D2E786D326A985A6007F4A16 /* AppDelegate.swift in Sources */ = {isa = PBXBuildFile; fileRef = D2E786D226A985A6007F4A16 /* AppDelegate.swift */; };
		D2E786D526A985A6007F4A16 /* SceneDelegate.swift in Sources */ = {isa = PBXBuildFile; fileRef = D2E786D426A985A6007F4A16 /* SceneDelegate.swift */; };
		D2E786D726A985A6007F4A16 /* ViewController.swift in Sources */ = {isa = PBXBuildFile; fileRef = D2E786D626A985A6007F4A16 /* ViewController.swift */; };
		D2E786DA26A985A6007F4A16 /* Main.storyboard in Resources */ = {isa = PBXBuildFile; fileRef = D2E786D826A985A6007F4A16 /* Main.storyboard */; };
		D2E786DC26A985AA007F4A16 /* Assets.xcassets in Resources */ = {isa = PBXBuildFile; fileRef = D2E786DB26A985AA007F4A16 /* Assets.xcassets */; };
		D2E786DF26A985AA007F4A16 /* LaunchScreen.storyboard in Resources */ = {isa = PBXBuildFile; fileRef = D2E786DD26A985AA007F4A16 /* LaunchScreen.storyboard */; };
/* End PBXBuildFile section */

/* Begin PBXFileReference section */
		10715454F8E48ED9DCC0B9CD /* Pods_jejuPublic.framework */ = {isa = PBXFileReference; explicitFileType = wrapper.framework; includeInIndex = 0; path = Pods_jejuPublic.framework; sourceTree = BUILT_PRODUCTS_DIR; };
		D26A4DDB26C3D1E7000C4195 /* ContentVC.swift */ = {isa = PBXFileReference; lastKnownFileType = sourcecode.swift; path = ContentVC.swift; sourceTree = "<group>"; };
		D26A4DDD26C42E87000C4195 /* CustomAnnotation.swift */ = {isa = PBXFileReference; lastKnownFileType = sourcecode.swift; path = CustomAnnotation.swift; sourceTree = "<group>"; };
		D2A8487426CFB881008D0C9C /* CustomFloatingPanelLayout.swift */ = {isa = PBXFileReference; lastKnownFileType = sourcecode.swift; path = CustomFloatingPanelLayout.swift; sourceTree = "<group>"; };
		D2E786CF26A985A6007F4A16 /* jejuPublic.app */ = {isa = PBXFileReference; explicitFileType = wrapper.application; includeInIndex = 0; path = jejuPublic.app; sourceTree = BUILT_PRODUCTS_DIR; };
		D2E786D226A985A6007F4A16 /* AppDelegate.swift */ = {isa = PBXFileReference; lastKnownFileType = sourcecode.swift; path = AppDelegate.swift; sourceTree = "<group>"; };
		D2E786D426A985A6007F4A16 /* SceneDelegate.swift */ = {isa = PBXFileReference; lastKnownFileType = sourcecode.swift; path = SceneDelegate.swift; sourceTree = "<group>"; };
		D2E786D626A985A6007F4A16 /* ViewController.swift */ = {isa = PBXFileReference; lastKnownFileType = sourcecode.swift; path = ViewController.swift; sourceTree = "<group>"; };
		D2E786D926A985A6007F4A16 /* Base */ = {isa = PBXFileReference; lastKnownFileType = file.storyboard; name = Base; path = Base.lproj/Main.storyboard; sourceTree = "<group>"; };
		D2E786DB26A985AA007F4A16 /* Assets.xcassets */ = {isa = PBXFileReference; lastKnownFileType = folder.assetcatalog; path = Assets.xcassets; sourceTree = "<group>"; };
		D2E786DE26A985AA007F4A16 /* Base */ = {isa = PBXFileReference; lastKnownFileType = file.storyboard; name = Base; path = Base.lproj/LaunchScreen.storyboard; sourceTree = "<group>"; };
		D2E786E026A985AA007F4A16 /* Info.plist */ = {isa = PBXFileReference; lastKnownFileType = text.plist.xml; path = Info.plist; sourceTree = "<group>"; };
		DFD07BA9ED64B475868F8B96 /* Pods-jejuPublic.debug.xcconfig */ = {isa = PBXFileReference; includeInIndex = 1; lastKnownFileType = text.xcconfig; name = "Pods-jejuPublic.debug.xcconfig"; path = "Target Support Files/Pods-jejuPublic/Pods-jejuPublic.debug.xcconfig"; sourceTree = "<group>"; };
		F4F53578373DE1A464B1DBE2 /* Pods-jejuPublic.release.xcconfig */ = {isa = PBXFileReference; includeInIndex = 1; lastKnownFileType = text.xcconfig; name = "Pods-jejuPublic.release.xcconfig"; path = "Target Support Files/Pods-jejuPublic/Pods-jejuPublic.release.xcconfig"; sourceTree = "<group>"; };
/* End PBXFileReference section */

/* Begin PBXFrameworksBuildPhase section */
		D2E786CC26A985A6007F4A16 /* Frameworks */ = {
			isa = PBXFrameworksBuildPhase;
			buildActionMask = 2147483647;
			files = (
				4E8F03E3DB4AC50E19CD1EAE /* Pods_jejuPublic.framework in Frameworks */,
			);
			runOnlyForDeploymentPostprocessing = 0;
		};
/* End PBXFrameworksBuildPhase section */

/* Begin PBXGroup section */
		68211CE321871F8F5CBB44EE /* Pods */ = {
			isa = PBXGroup;
			children = (
				DFD07BA9ED64B475868F8B96 /* Pods-jejuPublic.debug.xcconfig */,
				F4F53578373DE1A464B1DBE2 /* Pods-jejuPublic.release.xcconfig */,
			);
			path = Pods;
			sourceTree = "<group>";
		};
		D2E786C626A985A6007F4A16 = {
			isa = PBXGroup;
			children = (
				D2E786D126A985A6007F4A16 /* jejuPublic */,
				D2E786D026A985A6007F4A16 /* Products */,
				68211CE321871F8F5CBB44EE /* Pods */,
				DC16C5BF13D72181DA89951E /* Frameworks */,
			);
			sourceTree = "<group>";
		};
		D2E786D026A985A6007F4A16 /* Products */ = {
			isa = PBXGroup;
			children = (
				D2E786CF26A985A6007F4A16 /* jejuPublic.app */,
			);
			name = Products;
			sourceTree = "<group>";
		};
		D2E786D126A985A6007F4A16 /* jejuPublic */ = {
			isa = PBXGroup;
			children = (
				D2A8487426CFB881008D0C9C /* CustomFloatingPanelLayout.swift */,
				D26A4DDD26C42E87000C4195 /* CustomAnnotation.swift */,
				D2E786D226A985A6007F4A16 /* AppDelegate.swift */,
				D2E786D426A985A6007F4A16 /* SceneDelegate.swift */,
				D2E786D626A985A6007F4A16 /* ViewController.swift */,
				D2E786D826A985A6007F4A16 /* Main.storyboard */,
				D26A4DDB26C3D1E7000C4195 /* ContentVC.swift */,
				D2E786DB26A985AA007F4A16 /* Assets.xcassets */,
				D2E786DD26A985AA007F4A16 /* LaunchScreen.storyboard */,
				D2E786E026A985AA007F4A16 /* Info.plist */,
			);
			path = jejuPublic;
			sourceTree = "<group>";
		};
		DC16C5BF13D72181DA89951E /* Frameworks */ = {
			isa = PBXGroup;
			children = (
				10715454F8E48ED9DCC0B9CD /* Pods_jejuPublic.framework */,
			);
			name = Frameworks;
			sourceTree = "<group>";
		};
/* End PBXGroup section */

/* Begin PBXNativeTarget section */
		D2E786CE26A985A6007F4A16 /* jejuPublic */ = {
			isa = PBXNativeTarget;
			buildConfigurationList = D2E786E326A985AA007F4A16 /* Build configuration list for PBXNativeTarget "jejuPublic" */;
			buildPhases = (
				81DC0F82DC2CCC1EF6CB8248 /* [CP] Check Pods Manifest.lock */,
				D2E786CB26A985A6007F4A16 /* Sources */,
				D2E786CC26A985A6007F4A16 /* Frameworks */,
				D2E786CD26A985A6007F4A16 /* Resources */,
				E3E9BD9AF683309D8972DF73 /* [CP] Embed Pods Frameworks */,
			);
			buildRules = (
			);
			dependencies = (
			);
			name = jejuPublic;
			packageProductDependencies = (
			);
			productName = jejuPublic;
			productReference = D2E786CF26A985A6007F4A16 /* jejuPublic.app */;
			productType = "com.apple.product-type.application";
		};
/* End PBXNativeTarget section */

/* Begin PBXProject section */
		D2E786C726A985A6007F4A16 /* Project object */ = {
			isa = PBXProject;
			attributes = {
				LastSwiftUpdateCheck = 1250;
				LastUpgradeCheck = 1250;
				TargetAttributes = {
					D2E786CE26A985A6007F4A16 = {
						CreatedOnToolsVersion = 12.5.1;
					};
				};
			};
			buildConfigurationList = D2E786CA26A985A6007F4A16 /* Build configuration list for PBXProject "jejuPublic" */;
			compatibilityVersion = "Xcode 9.3";
			developmentRegion = en;
			hasScannedForEncodings = 0;
			knownRegions = (
				en,
				Base,
			);
			mainGroup = D2E786C626A985A6007F4A16;
			packageReferences = (
			);
			productRefGroup = D2E786D026A985A6007F4A16 /* Products */;
			projectDirPath = "";
			projectRoot = "";
			targets = (
				D2E786CE26A985A6007F4A16 /* jejuPublic */,
			);
		};
/* End PBXProject section */

/* Begin PBXResourcesBuildPhase section */
		D2E786CD26A985A6007F4A16 /* Resources */ = {
			isa = PBXResourcesBuildPhase;
			buildActionMask = 2147483647;
			files = (
				D2E786DF26A985AA007F4A16 /* LaunchScreen.storyboard in Resources */,
				D2E786DC26A985AA007F4A16 /* Assets.xcassets in Resources */,
				D2E786DA26A985A6007F4A16 /* Main.storyboard in Resources */,
			);
			runOnlyForDeploymentPostprocessing = 0;
		};
/* End PBXResourcesBuildPhase section */

/* Begin PBXShellScriptBuildPhase section */
		81DC0F82DC2CCC1EF6CB8248 /* [CP] Check Pods Manifest.lock */ = {
			isa = PBXShellScriptBuildPhase;
			buildActionMask = 2147483647;
			files = (
			);
			inputFileListPaths = (
			);
			inputPaths = (
				"${PODS_PODFILE_DIR_PATH}/Podfile.lock",
				"${PODS_ROOT}/Manifest.lock",
			);
			name = "[CP] Check Pods Manifest.lock";
			outputFileListPaths = (
			);
			outputPaths = (
				"$(DERIVED_FILE_DIR)/Pods-jejuPublic-checkManifestLockResult.txt",
			);
			runOnlyForDeploymentPostprocessing = 0;
			shellPath = /bin/sh;
			shellScript = "diff \"${PODS_PODFILE_DIR_PATH}/Podfile.lock\" \"${PODS_ROOT}/Manifest.lock\" > /dev/null\nif [ $? != 0 ] ; then\n    # print error to STDERR\n    echo \"error: The sandbox is not in sync with the Podfile.lock. Run 'pod install' or update your CocoaPods installation.\" >&2\n    exit 1\nfi\n# This output is used by Xcode 'outputs' to avoid re-running this script phase.\necho \"SUCCESS\" > \"${SCRIPT_OUTPUT_FILE_0}\"\n";
			showEnvVarsInLog = 0;
		};
		E3E9BD9AF683309D8972DF73 /* [CP] Embed Pods Frameworks */ = {
			isa = PBXShellScriptBuildPhase;
			buildActionMask = 2147483647;
			files = (
			);
			inputFileListPaths = (
				"${PODS_ROOT}/Target Support Files/Pods-jejuPublic/Pods-jejuPublic-frameworks-${CONFIGURATION}-input-files.xcfilelist",
			);
			name = "[CP] Embed Pods Frameworks";
			outputFileListPaths = (
				"${PODS_ROOT}/Target Support Files/Pods-jejuPublic/Pods-jejuPublic-frameworks-${CONFIGURATION}-output-files.xcfilelist",
			);
			runOnlyForDeploymentPostprocessing = 0;
			shellPath = /bin/sh;
			shellScript = "\"${PODS_ROOT}/Target Support Files/Pods-jejuPublic/Pods-jejuPublic-frameworks.sh\"\n";
			showEnvVarsInLog = 0;
		};
/* End PBXShellScriptBuildPhase section */

/* Begin PBXSourcesBuildPhase section */
		D2E786CB26A985A6007F4A16 /* Sources */ = {
			isa = PBXSourcesBuildPhase;
			buildActionMask = 2147483647;
			files = (
				D26A4DDC26C3D1E7000C4195 /* ContentVC.swift in Sources */,
				D26A4DDE26C42E87000C4195 /* CustomAnnotation.swift in Sources */,
				D2E786D726A985A6007F4A16 /* ViewController.swift in Sources */,
				D2E786D326A985A6007F4A16 /* AppDelegate.swift in Sources */,
				D2E786D526A985A6007F4A16 /* SceneDelegate.swift in Sources */,
				D2A8487526CFB881008D0C9C /* CustomFloatingPanelLayout.swift in Sources */,
			);
			runOnlyForDeploymentPostprocessing = 0;
		};
/* End PBXSourcesBuildPhase section */

/* Begin PBXVariantGroup section */
		D2E786D826A985A6007F4A16 /* Main.storyboard */ = {
			isa = PBXVariantGroup;
			children = (
				D2E786D926A985A6007F4A16 /* Base */,
			);
			name = Main.storyboard;
			sourceTree = "<group>";
		};
		D2E786DD26A985AA007F4A16 /* LaunchScreen.storyboard */ = {
			isa = PBXVariantGroup;
			children = (
				D2E786DE26A985AA007F4A16 /* Base */,
			);
			name = LaunchScreen.storyboard;
			sourceTree = "<group>";
		};
/* End PBXVariantGroup section */

/* Begin XCBuildConfiguration section */
		D2E786E126A985AA007F4A16 /* Debug */ = {
			isa = XCBuildConfiguration;
			buildSettings = {
				ALWAYS_SEARCH_USER_PATHS = NO;
				CLANG_ANALYZER_NONNULL = YES;
				CLANG_ANALYZER_NUMBER_OBJECT_CONVERSION = YES_AGGRESSIVE;
				CLANG_CXX_LANGUAGE_STANDARD = "gnu++14";
				CLANG_CXX_LIBRARY = "libc++";
				CLANG_ENABLE_MODULES = YES;
				CLANG_ENABLE_OBJC_ARC = YES;
				CLANG_ENABLE_OBJC_WEAK = YES;
				CLANG_WARN_BLOCK_CAPTURE_AUTORELEASING = YES;
				CLANG_WARN_BOOL_CONVERSION = YES;
				CLANG_WARN_COMMA = YES;
				CLANG_WARN_CONSTANT_CONVERSION = YES;
				CLANG_WARN_DEPRECATED_OBJC_IMPLEMENTATIONS = YES;
				CLANG_WARN_DIRECT_OBJC_ISA_USAGE = YES_ERROR;
				CLANG_WARN_DOCUMENTATION_COMMENTS = YES;
				CLANG_WARN_EMPTY_BODY = YES;
				CLANG_WARN_ENUM_CONVERSION = YES;
				CLANG_WARN_INFINITE_RECURSION = YES;
				CLANG_WARN_INT_CONVERSION = YES;
				CLANG_WARN_NON_LITERAL_NULL_CONVERSION = YES;
				CLANG_WARN_OBJC_IMPLICIT_RETAIN_SELF = YES;
				CLANG_WARN_OBJC_LITERAL_CONVERSION = YES;
				CLANG_WARN_OBJC_ROOT_CLASS = YES_ERROR;
				CLANG_WARN_QUOTED_INCLUDE_IN_FRAMEWORK_HEADER = YES;
				CLANG_WARN_RANGE_LOOP_ANALYSIS = YES;
				CLANG_WARN_STRICT_PROTOTYPES = YES;
				CLANG_WARN_SUSPICIOUS_MOVE = YES;
				CLANG_WARN_UNGUARDED_AVAILABILITY = YES_AGGRESSIVE;
				CLANG_WARN_UNREACHABLE_CODE = YES;
				CLANG_WARN__DUPLICATE_METHOD_MATCH = YES;
				COPY_PHASE_STRIP = NO;
				DEBUG_INFORMATION_FORMAT = dwarf;
				ENABLE_STRICT_OBJC_MSGSEND = YES;
				ENABLE_TESTABILITY = YES;
				GCC_C_LANGUAGE_STANDARD = gnu11;
				GCC_DYNAMIC_NO_PIC = NO;
				GCC_NO_COMMON_BLOCKS = YES;
				GCC_OPTIMIZATION_LEVEL = 0;
				GCC_PREPROCESSOR_DEFINITIONS = (
					"DEBUG=1",
					"$(inherited)",
				);
				GCC_WARN_64_TO_32_BIT_CONVERSION = YES;
				GCC_WARN_ABOUT_RETURN_TYPE = YES_ERROR;
				GCC_WARN_UNDECLARED_SELECTOR = YES;
				GCC_WARN_UNINITIALIZED_AUTOS = YES_AGGRESSIVE;
				GCC_WARN_UNUSED_FUNCTION = YES;
				GCC_WARN_UNUSED_VARIABLE = YES;
				IPHONEOS_DEPLOYMENT_TARGET = 14.5;
				MTL_ENABLE_DEBUG_INFO = INCLUDE_SOURCE;
				MTL_FAST_MATH = YES;
				ONLY_ACTIVE_ARCH = YES;
				SDKROOT = iphoneos;
				SWIFT_ACTIVE_COMPILATION_CONDITIONS = DEBUG;
				SWIFT_OPTIMIZATION_LEVEL = "-Onone";
			};
			name = Debug;
		};
		D2E786E226A985AA007F4A16 /* Release */ = {
			isa = XCBuildConfiguration;
			buildSettings = {
				ALWAYS_SEARCH_USER_PATHS = NO;
				CLANG_ANALYZER_NONNULL = YES;
				CLANG_ANALYZER_NUMBER_OBJECT_CONVERSION = YES_AGGRESSIVE;
				CLANG_CXX_LANGUAGE_STANDARD = "gnu++14";
				CLANG_CXX_LIBRARY = "libc++";
				CLANG_ENABLE_MODULES = YES;
				CLANG_ENABLE_OBJC_ARC = YES;
				CLANG_ENABLE_OBJC_WEAK = YES;
				CLANG_WARN_BLOCK_CAPTURE_AUTORELEASING = YES;
				CLANG_WARN_BOOL_CONVERSION = YES;
				CLANG_WARN_COMMA = YES;
				CLANG_WARN_CONSTANT_CONVERSION = YES;
				CLANG_WARN_DEPRECATED_OBJC_IMPLEMENTATIONS = YES;
				CLANG_WARN_DIRECT_OBJC_ISA_USAGE = YES_ERROR;
				CLANG_WARN_DOCUMENTATION_COMMENTS = YES;
				CLANG_WARN_EMPTY_BODY = YES;
				CLANG_WARN_ENUM_CONVERSION = YES;
				CLANG_WARN_INFINITE_RECURSION = YES;
				CLANG_WARN_INT_CONVERSION = YES;
				CLANG_WARN_NON_LITERAL_NULL_CONVERSION = YES;
				CLANG_WARN_OBJC_IMPLICIT_RETAIN_SELF = YES;
				CLANG_WARN_OBJC_LITERAL_CONVERSION = YES;
				CLANG_WARN_OBJC_ROOT_CLASS = YES_ERROR;
				CLANG_WARN_QUOTED_INCLUDE_IN_FRAMEWORK_HEADER = YES;
				CLANG_WARN_RANGE_LOOP_ANALYSIS = YES;
				CLANG_WARN_STRICT_PROTOTYPES = YES;
				CLANG_WARN_SUSPICIOUS_MOVE = YES;
				CLANG_WARN_UNGUARDED_AVAILABILITY = YES_AGGRESSIVE;
				CLANG_WARN_UNREACHABLE_CODE = YES;
				CLANG_WARN__DUPLICATE_METHOD_MATCH = YES;
				COPY_PHASE_STRIP = NO;
				DEBUG_INFORMATION_FORMAT = "dwarf-with-dsym";
				ENABLE_NS_ASSERTIONS = NO;
				ENABLE_STRICT_OBJC_MSGSEND = YES;
				GCC_C_LANGUAGE_STANDARD = gnu11;
				GCC_NO_COMMON_BLOCKS = YES;
				GCC_WARN_64_TO_32_BIT_CONVERSION = YES;
				GCC_WARN_ABOUT_RETURN_TYPE = YES_ERROR;
				GCC_WARN_UNDECLARED_SELECTOR = YES;
				GCC_WARN_UNINITIALIZED_AUTOS = YES_AGGRESSIVE;
				GCC_WARN_UNUSED_FUNCTION = YES;
				GCC_WARN_UNUSED_VARIABLE = YES;
				IPHONEOS_DEPLOYMENT_TARGET = 14.5;
				MTL_ENABLE_DEBUG_INFO = NO;
				MTL_FAST_MATH = YES;
				SDKROOT = iphoneos;
				SWIFT_COMPILATION_MODE = wholemodule;
				SWIFT_OPTIMIZATION_LEVEL = "-O";
				VALIDATE_PRODUCT = YES;
			};
			name = Release;
		};
		D2E786E426A985AA007F4A16 /* Debug */ = {
			isa = XCBuildConfiguration;
			baseConfigurationReference = DFD07BA9ED64B475868F8B96 /* Pods-jejuPublic.debug.xcconfig */;
			buildSettings = {
				ASSETCATALOG_COMPILER_APPICON_NAME = AppIcon;
				ASSETCATALOG_COMPILER_GLOBAL_ACCENT_COLOR_NAME = AccentColor;
				CODE_SIGN_STYLE = Automatic;
				DEVELOPMENT_TEAM = 2GY4XTB4R5;
				INFOPLIST_FILE = jejuPublic/Info.plist;
				LD_RUNPATH_SEARCH_PATHS = (
					"$(inherited)",
					"@executable_path/Frameworks",
				);
				PRODUCT_BUNDLE_IDENTIFIER = com.hyun.jejuPublic;
				PRODUCT_NAME = "$(TARGET_NAME)";
				SWIFT_VERSION = 5.0;
				TARGETED_DEVICE_FAMILY = 1;
			};
			name = Debug;
		};
		D2E786E526A985AA007F4A16 /* Release */ = {
			isa = XCBuildConfiguration;
			baseConfigurationReference = F4F53578373DE1A464B1DBE2 /* Pods-jejuPublic.release.xcconfig */;
			buildSettings = {
				ASSETCATALOG_COMPILER_APPICON_NAME = AppIcon;
				ASSETCATALOG_COMPILER_GLOBAL_ACCENT_COLOR_NAME = AccentColor;
				CODE_SIGN_STYLE = Automatic;
				DEVELOPMENT_TEAM = 2GY4XTB4R5;
				INFOPLIST_FILE = jejuPublic/Info.plist;
				LD_RUNPATH_SEARCH_PATHS = (
					"$(inherited)",
					"@executable_path/Frameworks",
				);
				PRODUCT_BUNDLE_IDENTIFIER = com.hyun.jejuPublic;
				PRODUCT_NAME = "$(TARGET_NAME)";
				SWIFT_VERSION = 5.0;
				TARGETED_DEVICE_FAMILY = 1;
			};
			name = Release;
		};
/* End XCBuildConfiguration section */

/* Begin XCConfigurationList section */
		D2E786CA26A985A6007F4A16 /* Build configuration list for PBXProject "jejuPublic" */ = {
			isa = XCConfigurationList;
			buildConfigurations = (
				D2E786E126A985AA007F4A16 /* Debug */,
				D2E786E226A985AA007F4A16 /* Release */,
			);
			defaultConfigurationIsVisible = 0;
			defaultConfigurationName = Release;
		};
		D2E786E326A985AA007F4A16 /* Build configuration list for PBXNativeTarget "jejuPublic" */ = {
			isa = XCConfigurationList;
			buildConfigurations = (
				D2E786E426A985AA007F4A16 /* Debug */,
				D2E786E526A985AA007F4A16 /* Release */,
			);
			defaultConfigurationIsVisible = 0;
			defaultConfigurationName = Release;
		};
/* End XCConfigurationList section */
	};
	rootObject = D2E786C726A985A6007F4A16 /* Project object */;
}
